
Microsoft Visual Studio Solution File, Format Version 12.00
# Visual Studio Version 16
VisualStudioVersion = 16.0.31019.35
MinimumVisualStudioVersion = 10.0.40219.1
Project("{FAE04EC0-301F-11D3-BF4B-00C04F79EFBC}") = "STRIALG_HASH", "STRIALG_HASH.csproj", "{5C98C0B5-DF96-47F9-8A12-4AB046CAEC95}"
EndProject
Global
	GlobalSection(SolutionConfigurationPlatforms) = preSolution
		Debug|Any CPU = Debug|Any CPU
		Release|Any CPU = Release|Any CPU
	EndGlobalSection
	GlobalSection(ProjectConfigurationPlatforms) = postSolution
		{5C98C0B5-DF96-47F9-8A12-4AB046CAEC95}.Debug|Any CPU.ActiveCfg = Debug|Any CPU
		{5C98C0B5-DF96-47F9-8A12-4AB046CAEC95}.Debug|Any CPU.Build.0 = Debug|Any CPU
		{5C98C0B5-DF96-47F9-8A12-4AB046CAEC95}.Release|Any CPU.ActiveCfg = Release|Any CPU
		{5C98C0B5-DF96-47F9-8A12-4AB046CAEC95}.Release|Any CPU.Build.0 = Release|Any CPU
	EndGlobalSection
	GlobalSection(SolutionProperties) = preSolution
		HideSolutionNode = FALSE
	EndGlobalSection
	GlobalSection(ExtensibilityGlobals) = postSolution
		SolutionGuid = {CF2EACF5-84E9-4A3C-8B88-5AF26021E325}
	EndGlobalSection
EndGlobal
